Microsoft Visual Studio Solution File, Format Version 12.00
# Visual Studio Version 17
VisualStudioVersion = 17.5.2.0
MinimumVisualStudioVersion = 10.0.40219.1
Project("{FAE04EC0-301F-11D3-BF4B-00C04F79EFBC}") = "KariyerKocuAPI", "KariyerKocuAPI.csproj", "{44B35500-38E5-2EBA-AAE6-03534E121C1D}"
EndProject
Global
	GlobalSection(SolutionConfigurationPlatforms) = preSolution
		Debug|Any CPU = Debug|Any CPU
		Release|Any CPU = Release|Any CPU
	EndGlobalSection
	GlobalSection(ProjectConfigurationPlatforms) = postSolution
		{44B35500-38E5-2EBA-AAE6-03534E121C1D}.Debug|Any CPU.ActiveCfg = Debug|Any CPU
		{44B35500-38E5-2EBA-AAE6-03534E121C1D}.Debug|Any CPU.Build.0 = Debug|Any CPU
		{44B35500-38E5-2EBA-AAE6-03534E121C1D}.Release|Any CPU.ActiveCfg = Release|Any CPU
		{44B35500-38E5-2EBA-AAE6-03534E121C1D}.Release|Any CPU.Build.0 = Release|Any CPU
	EndGlobalSection
	GlobalSection(SolutionProperties) = preSolution
		HideSolutionNode = FALSE
	EndGlobalSection
	GlobalSection(ExtensibilityGlobals) = postSolution
		SolutionGuid = {86244DFB-036A-4C82-B234-F58F3D033BFF}
	EndGlobalSection
EndGlobal
